
Microsoft Visual Studio Solution File, Format Version 12.00
# Visual Studio Version 16
VisualStudioVersion = 16.0.30711.63
MinimumVisualStudioVersion = 10.0.40219.1
Project("{9A19103F-16F7-4668-BE54-9A1E7A4F7556}") = "ApiControlAcceso.APIS", "ApiControlAcceso.APIS\ApiControlAcceso.APIS.csproj", "{C37D2167-A414-4BEF-A406-83565E84708E}"
EndProject
Project("{9A19103F-16F7-4668-BE54-9A1E7A4F7556}") = "ApiControlAcceso.TEST", "ApiControlAcceso.TEST\ApiControlAcceso.TEST.csproj", "{717B07B0-6F2D-467D-8B36-85EEE50DB17D}"
EndProject
Project("{9A19103F-16F7-4668-BE54-9A1E7A4F7556}") = "ApiControlAcceso.SERVICES", "ApiControlAcceso.SERVICES\ApiControlAcceso.SERVICES.csproj", "{6DC2C5BD-D2E8-4A41-9D74-49C14D6AEBE8}"
EndProject
Project("{9A19103F-16F7-4668-BE54-9A1E7A4F7556}") = "ApiControlAcceso.MODELS", "ApiControlAcceso.MODELS\ApiControlAcceso.MODELS.csproj", "{1A103256-4F7C-46FE-8777-4AF70B2B0A5C}"
EndProject
Project("{9A19103F-16F7-4668-BE54-9A1E7A4F7556}") = "ApiControlAcceso.INFRA", "ApiControlAcceso.INFRA\ApiControlAcceso.INFRA.csproj", "{BF6C6013-9118-4576-A8EB-1C2F07D03159}"
EndProject
Project("{9A19103F-16F7-4668-BE54-9A1E7A4F7556}") = "ApiControlAcceso.IOC", "ApiControlAcceso.IOC\ApiControlAcceso.IOC.csproj", "{EE9E0D89-1200-4C3C-A27F-978054785057}"
EndProject
Global
	GlobalSection(SolutionConfigurationPlatforms) = preSolution
		Debug|Any CPU = Debug|Any CPU
		Release|Any CPU = Release|Any CPU
	EndGlobalSection
	GlobalSection(ProjectConfigurationPlatforms) = postSolution
		{C37D2167-A414-4BEF-A406-83565E84708E}.Debug|Any CPU.ActiveCfg = Debug|Any CPU
		{C37D2167-A414-4BEF-A406-83565E84708E}.Debug|Any CPU.Build.0 = Debug|Any CPU
		{C37D2167-A414-4BEF-A406-83565E84708E}.Release|Any CPU.ActiveCfg = Release|Any CPU
		{C37D2167-A414-4BEF-A406-83565E84708E}.Release|Any CPU.Build.0 = Release|Any CPU
		{717B07B0-6F2D-467D-8B36-85EEE50DB17D}.Debug|Any CPU.ActiveCfg = Debug|Any CPU
		{717B07B0-6F2D-467D-8B36-85EEE50DB17D}.Debug|Any CPU.Build.0 = Debug|Any CPU
		{717B07B0-6F2D-467D-8B36-85EEE50DB17D}.Release|Any CPU.ActiveCfg = Release|Any CPU
		{717B07B0-6F2D-467D-8B36-85EEE50DB17D}.Release|Any CPU.Build.0 = Release|Any CPU
		{6DC2C5BD-D2E8-4A41-9D74-49C14D6AEBE8}.Debug|Any CPU.ActiveCfg = Debug|Any CPU
		{6DC2C5BD-D2E8-4A41-9D74-49C14D6AEBE8}.Debug|Any CPU.Build.0 = Debug|Any CPU
		{6DC2C5BD-D2E8-4A41-9D74-49C14D6AEBE8}.Release|Any CPU.ActiveCfg = Release|Any CPU
		{6DC2C5BD-D2E8-4A41-9D74-49C14D6AEBE8}.Release|Any CPU.Build.0 = Release|Any CPU
		{1A103256-4F7C-46FE-8777-4AF70B2B0A5C}.Debug|Any CPU.ActiveCfg = Debug|Any CPU
		{1A103256-4F7C-46FE-8777-4AF70B2B0A5C}.Debug|Any CPU.Build.0 = Debug|Any CPU
		{1A103256-4F7C-46FE-8777-4AF70B2B0A5C}.Release|Any CPU.ActiveCfg = Release|Any CPU
		{1A103256-4F7C-46FE-8777-4AF70B2B0A5C}.Release|Any CPU.Build.0 = Release|Any CPU
		{BF6C6013-9118-4576-A8EB-1C2F07D03159}.Debug|Any CPU.ActiveCfg = Debug|Any CPU
		{BF6C6013-9118-4576-A8EB-1C2F07D03159}.Debug|Any CPU.Build.0 = Debug|Any CPU
		{BF6C6013-9118-4576-A8EB-1C2F07D03159}.Release|Any CPU.ActiveCfg = Release|Any CPU
		{BF6C6013-9118-4576-A8EB-1C2F07D03159}.Release|Any CPU.Build.0 = Release|Any CPU
		{EE9E0D89-1200-4C3C-A27F-978054785057}.Debug|Any CPU.ActiveCfg = Debug|Any CPU
		{EE9E0D89-1200-4C3C-A27F-978054785057}.Debug|Any CPU.Build.0 = Debug|Any CPU
		{EE9E0D89-1200-4C3C-A27F-978054785057}.Release|Any CPU.ActiveCfg = Release|Any CPU
		{EE9E0D89-1200-4C3C-A27F-978054785057}.Release|Any CPU.Build.0 = Release|Any CPU
	EndGlobalSection
	GlobalSection(SolutionProperties) = preSolution
		HideSolutionNode = FALSE
	EndGlobalSection
	GlobalSection(ExtensibilityGlobals) = postSolution
		SolutionGuid = {8E05F0CA-1E32-4531-9FF5-3F1FBA461593}
	EndGlobalSection
	GlobalSection(TeamFoundationVersionControl) = preSolution
		SccNumberOfProjects = 7
		SccEnterpriseProvider = {4CA58AB2-18FA-4F8D-95D4-32DDF27D184C}
		SccTeamFoundationServer = https://dev.azure.com/agilsolutions
		SccLocalPath0 = .
		SccProjectUniqueName1 = ApiControlAcceso.APIS\\ApiControlAcceso.APIS.csproj
		SccProjectName1 = ApiControlAcceso.APIS
		SccLocalPath1 = ApiControlAcceso.APIS
		SccProjectUniqueName2 = ApiControlAcceso.INFRA\\ApiControlAcceso.INFRA.csproj
		SccProjectName2 = ApiControlAcceso.INFRA
		SccLocalPath2 = ApiControlAcceso.INFRA
		SccProjectUniqueName3 = ApiControlAcceso.IOC\\ApiControlAcceso.IOC.csproj
		SccProjectName3 = ApiControlAcceso.IOC
		SccLocalPath3 = ApiControlAcceso.IOC
		SccProjectUniqueName4 = ApiControlAcceso.MODELS\\ApiControlAcceso.MODELS.csproj
		SccProjectName4 = ApiControlAcceso.MODELS
		SccLocalPath4 = ApiControlAcceso.MODELS
		SccProjectUniqueName5 = ApiControlAcceso.SERVICES\\ApiControlAcceso.SERVICES.csproj
		SccProjectName5 = ApiControlAcceso.SERVICES
		SccLocalPath5 = ApiControlAcceso.SERVICES
		SccProjectUniqueName6 = ApiControlAcceso.TEST\\ApiControlAcceso.TEST.csproj
		SccProjectName6 = ApiControlAcceso.TEST
		SccLocalPath6 = ApiControlAcceso.TEST
	EndGlobalSection
EndGlobal
